// !$*UTF8*$!
{
	archiveVersion = 1;
	classes = {
	};
	objectVersion = 56;
	objects = {

/* Begin PBXBuildFile section */
		361B66112B07514900EE36EC /* AppDelegate.swift in Sources */ = {isa = PBXBuildFile; fileRef = 361B66102B07514900EE36EC /* AppDelegate.swift */; };
		361B66132B07514900EE36EC /* SceneDelegate.swift in Sources */ = {isa = PBXBuildFile; fileRef = 361B66122B07514900EE36EC /* SceneDelegate.swift */; };
		361B66152B07514900EE36EC /* ViewController.swift in Sources */ = {isa = PBXBuildFile; fileRef = 361B66142B07514900EE36EC /* ViewController.swift */; };
		361B66182B07514900EE36EC /* Main.storyboard in Resources */ = {isa = PBXBuildFile; fileRef = 361B66162B07514900EE36EC /* Main.storyboard */; };
		361B661A2B07514B00EE36EC /* Assets.xcassets in Resources */ = {isa = PBXBuildFile; fileRef = 361B66192B07514B00EE36EC /* Assets.xcassets */; };
		361B661D2B07514B00EE36EC /* LaunchScreen.storyboard in Resources */ = {isa = PBXBuildFile; fileRef = 361B661B2B07514B00EE36EC /* LaunchScreen.storyboard */; };
		361B66252B07EDDF00EE36EC /* ConnectionsViewController.swift in Sources */ = {isa = PBXBuildFile; fileRef = 361B66242B07EDDF00EE36EC /* ConnectionsViewController.swift */; };
		361B66272B07EDF500EE36EC /* MyProfileViewController.swift in Sources */ = {isa = PBXBuildFile; fileRef = 361B66262B07EDF500EE36EC /* MyProfileViewController.swift */; };
		361B66292B07EE2E00EE36EC /* MyProfileView.swift in Sources */ = {isa = PBXBuildFile; fileRef = 361B66282B07EE2E00EE36EC /* MyProfileView.swift */; };
		361B662B2B07EE4500EE36EC /* ConnectionsView.swift in Sources */ = {isa = PBXBuildFile; fileRef = 361B662A2B07EE4500EE36EC /* ConnectionsView.swift */; };
		361B662D2B07EE7700EE36EC /* MainScreenView.swift in Sources */ = {isa = PBXBuildFile; fileRef = 361B662C2B07EE7700EE36EC /* MainScreenView.swift */; };
		3656B0472B1C57E300D777B5 /* EventDetailViewController.swift in Sources */ = {isa = PBXBuildFile; fileRef = 3656B03D2B1C57E300D777B5 /* EventDetailViewController.swift */; };
		3656B0482B1C57E300D777B5 /* EventDetailView.swift in Sources */ = {isa = PBXBuildFile; fileRef = 3656B03E2B1C57E300D777B5 /* EventDetailView.swift */; };
		3656B0492B1C57E300D777B5 /* EventInfoViewController.swift in Sources */ = {isa = PBXBuildFile; fileRef = 3656B03F2B1C57E300D777B5 /* EventInfoViewController.swift */; };
		3656B04A2B1C57E300D777B5 /* ReviewsTableViewCell.swift in Sources */ = {isa = PBXBuildFile; fileRef = 3656B0412B1C57E300D777B5 /* ReviewsTableViewCell.swift */; };
		3656B04B2B1C57E300D777B5 /* EventReviewsViewController.swift in Sources */ = {isa = PBXBuildFile; fileRef = 3656B0422B1C57E300D777B5 /* EventReviewsViewController.swift */; };
		3656B04C2B1C57E300D777B5 /* EventReviewsView.swift in Sources */ = {isa = PBXBuildFile; fileRef = 3656B0432B1C57E300D777B5 /* EventReviewsView.swift */; };
		3656B04D2B1C57E300D777B5 /* EventWriteAReviewViewController.swift in Sources */ = {isa = PBXBuildFile; fileRef = 3656B0452B1C57E300D777B5 /* EventWriteAReviewViewController.swift */; };
		3656B04E2B1C57E300D777B5 /* EventWriteAReviewView.swift in Sources */ = {isa = PBXBuildFile; fileRef = 3656B0462B1C57E300D777B5 /* EventWriteAReviewView.swift */; };
		3656B0502B1C59CA00D777B5 /* EventDisplayViewController.swift in Sources */ = {isa = PBXBuildFile; fileRef = 3656B04F2B1C59CA00D777B5 /* EventDisplayViewController.swift */; };
		3656B0522B1C59FA00D777B5 /* EventDisplayView.swift in Sources */ = {isa = PBXBuildFile; fileRef = 3656B0512B1C59FA00D777B5 /* EventDisplayView.swift */; };
		3690212B2B21BE5300C1CFCA /* FirebaseStorage in Frameworks */ = {isa = PBXBuildFile; productRef = 3690212A2B21BE5300C1CFCA /* FirebaseStorage */; };
		36AFF19F2B20380A00C6DE33 /* UploadEventScreen.swift in Sources */ = {isa = PBXBuildFile; fileRef = 36AFF19D2B20380A00C6DE33 /* UploadEventScreen.swift */; };
		36AFF1A02B20380A00C6DE33 /* UploadEventScreenController.swift in Sources */ = {isa = PBXBuildFile; fileRef = 36AFF19E2B20380A00C6DE33 /* UploadEventScreenController.swift */; };
		36AFF1A42B203A4700C6DE33 /* LoginView.swift in Sources */ = {isa = PBXBuildFile; fileRef = 36AFF1A22B203A4700C6DE33 /* LoginView.swift */; };
		36AFF1A52B203A4700C6DE33 /* LoginViewController.swift in Sources */ = {isa = PBXBuildFile; fileRef = 36AFF1A32B203A4700C6DE33 /* LoginViewController.swift */; };
		36AFF1A92B203A5500C6DE33 /* RegisterView.swift in Sources */ = {isa = PBXBuildFile; fileRef = 36AFF1A72B203A5500C6DE33 /* RegisterView.swift */; };
		36AFF1AA2B203A5500C6DE33 /* RegisterViewController.swift in Sources */ = {isa = PBXBuildFile; fileRef = 36AFF1A82B203A5500C6DE33 /* RegisterViewController.swift */; };
		36AFF1AE2B20403C00C6DE33 /* ProgressSpinnerViewController.swift in Sources */ = {isa = PBXBuildFile; fileRef = 36AFF1AC2B20403C00C6DE33 /* ProgressSpinnerViewController.swift */; };
		36AFF1AF2B20403C00C6DE33 /* ProgressSpinnerDelegate.swift in Sources */ = {isa = PBXBuildFile; fileRef = 36AFF1AD2B20403C00C6DE33 /* ProgressSpinnerDelegate.swift */; };
		36AFF1B32B2048A800C6DE33 /* TableViewPostCell.swift in Sources */ = {isa = PBXBuildFile; fileRef = 36AFF1B22B2048A800C6DE33 /* TableViewPostCell.swift */; };
		36F0F5EA2B1B340100AD8EF5 /* NotificationNames.swift in Sources */ = {isa = PBXBuildFile; fileRef = 36F0F5E82B1B340100AD8EF5 /* NotificationNames.swift */; };
		36F0F5EB2B1B340100AD8EF5 /* DataModels.swift in Sources */ = {isa = PBXBuildFile; fileRef = 36F0F5E92B1B340100AD8EF5 /* DataModels.swift */; };
		A50926CC2B1AC6F3003036E9 /* FirebaseAnalytics in Frameworks */ = {isa = PBXBuildFile; productRef = A50926CB2B1AC6F3003036E9 /* FirebaseAnalytics */; };
		A50926CE2B1AC6F3003036E9 /* FirebaseAnalyticsOnDeviceConversion in Frameworks */ = {isa = PBXBuildFile; productRef = A50926CD2B1AC6F3003036E9 /* FirebaseAnalyticsOnDeviceConversion */; };
		A50926D02B1AC6F3003036E9 /* FirebaseAnalyticsSwift in Frameworks */ = {isa = PBXBuildFile; productRef = A50926CF2B1AC6F3003036E9 /* FirebaseAnalyticsSwift */; };
		A50926D22B1AC6F3003036E9 /* FirebaseAnalyticsWithoutAdIdSupport in Frameworks */ = {isa = PBXBuildFile; productRef = A50926D12B1AC6F3003036E9 /* FirebaseAnalyticsWithoutAdIdSupport */; };
		A50926D42B1AC6F3003036E9 /* FirebaseAppCheck in Frameworks */ = {isa = PBXBuildFile; productRef = A50926D32B1AC6F3003036E9 /* FirebaseAppCheck */; };
		A50926D62B1AC6F3003036E9 /* FirebaseAppDistribution-Beta in Frameworks */ = {isa = PBXBuildFile; productRef = A50926D52B1AC6F3003036E9 /* FirebaseAppDistribution-Beta */; };
		A50926D82B1AC6F3003036E9 /* FirebaseAuth in Frameworks */ = {isa = PBXBuildFile; productRef = A50926D72B1AC6F3003036E9 /* FirebaseAuth */; };
		A50926DA2B1AC6F3003036E9 /* FirebaseAuthCombine-Community in Frameworks */ = {isa = PBXBuildFile; productRef = A50926D92B1AC6F3003036E9 /* FirebaseAuthCombine-Community */; };
		A50926DC2B1AC6F3003036E9 /* FirebaseCrashlytics in Frameworks */ = {isa = PBXBuildFile; productRef = A50926DB2B1AC6F3003036E9 /* FirebaseCrashlytics */; };
		A50926DE2B1AC6F3003036E9 /* FirebaseDatabase in Frameworks */ = {isa = PBXBuildFile; productRef = A50926DD2B1AC6F3003036E9 /* FirebaseDatabase */; };
		A50926E02B1AC6F3003036E9 /* FirebaseDatabaseSwift in Frameworks */ = {isa = PBXBuildFile; productRef = A50926DF2B1AC6F3003036E9 /* FirebaseDatabaseSwift */; };
		A50926E22B1AC6F3003036E9 /* FirebaseDynamicLinks in Frameworks */ = {isa = PBXBuildFile; productRef = A50926E12B1AC6F3003036E9 /* FirebaseDynamicLinks */; };
		A50926E42B1AC6F3003036E9 /* FirebaseFirestore in Frameworks */ = {isa = PBXBuildFile; productRef = A50926E32B1AC6F3003036E9 /* FirebaseFirestore */; };
		A50926E62B1AC6F3003036E9 /* FirebaseFirestoreCombine-Community in Frameworks */ = {isa = PBXBuildFile; productRef = A50926E52B1AC6F3003036E9 /* FirebaseFirestoreCombine-Community */; };
		A50926E82B1AC6F3003036E9 /* FirebaseFirestoreSwift in Frameworks */ = {isa = PBXBuildFile; productRef = A50926E72B1AC6F3003036E9 /* FirebaseFirestoreSwift */; };
		A50926EA2B1AC7EF003036E9 /* GoogleService-Info.plist in Resources */ = {isa = PBXBuildFile; fileRef = A50926E92B1AC7EF003036E9 /* GoogleService-Info.plist */; };
		A50926EC2B1AC877003036E9 /* EventTableViewCell.swift in Sources */ = {isa = PBXBuildFile; fileRef = A50926EB2B1AC877003036E9 /* EventTableViewCell.swift */; };
		A50926EE2B1AC89F003036E9 /* LongTermEventsView.swift in Sources */ = {isa = PBXBuildFile; fileRef = A50926ED2B1AC89F003036E9 /* LongTermEventsView.swift */; };
		A50926F02B1AC8B4003036E9 /* LongTermEventsViewController.swift in Sources */ = {isa = PBXBuildFile; fileRef = A50926EF2B1AC8B4003036E9 /* LongTermEventsViewController.swift */; };
/* End PBXBuildFile section */

/* Begin PBXFileReference section */
		361B660D2B07514900EE36EC /* Eventure.app */ = {isa = PBXFileReference; explicitFileType = wrapper.application; includeInIndex = 0; path = Eventure.app; sourceTree = BUILT_PRODUCTS_DIR; };
		361B66102B07514900EE36EC /* AppDelegate.swift */ = {isa = PBXFileReference; lastKnownFileType = sourcecode.swift; path = AppDelegate.swift; sourceTree = "<group>"; };
		361B66122B07514900EE36EC /* SceneDelegate.swift */ = {isa = PBXFileReference; lastKnownFileType = sourcecode.swift; path = SceneDelegate.swift; sourceTree = "<group>"; };
		361B66142B07514900EE36EC /* ViewController.swift */ = {isa = PBXFileReference; lastKnownFileType = sourcecode.swift; path = ViewController.swift; sourceTree = "<group>"; };
		361B66172B07514900EE36EC /* Base */ = {isa = PBXFileReference; lastKnownFileType = file.storyboard; name = Base; path = Base.lproj/Main.storyboard; sourceTree = "<group>"; };
		361B66192B07514B00EE36EC /* Assets.xcassets */ = {isa = PBXFileReference; lastKnownFileType = folder.assetcatalog; path = Assets.xcassets; sourceTree = "<group>"; };
		361B661C2B07514B00EE36EC /* Base */ = {isa = PBXFileReference; lastKnownFileType = file.storyboard; name = Base; path = Base.lproj/LaunchScreen.storyboard; sourceTree = "<group>"; };
		361B661E2B07514B00EE36EC /* Info.plist */ = {isa = PBXFileReference; lastKnownFileType = text.plist.xml; path = Info.plist; sourceTree = "<group>"; };
		361B66242B07EDDF00EE36EC /* ConnectionsViewController.swift */ = {isa = PBXFileReference; lastKnownFileType = sourcecode.swift; path = ConnectionsViewController.swift; sourceTree = "<group>"; };
		361B66262B07EDF500EE36EC /* MyProfileViewController.swift */ = {isa = PBXFileReference; lastKnownFileType = sourcecode.swift; path = MyProfileViewController.swift; sourceTree = "<group>"; };
		361B66282B07EE2E00EE36EC /* MyProfileView.swift */ = {isa = PBXFileReference; lastKnownFileType = sourcecode.swift; path = MyProfileView.swift; sourceTree = "<group>"; };
		361B662A2B07EE4500EE36EC /* ConnectionsView.swift */ = {isa = PBXFileReference; lastKnownFileType = sourcecode.swift; path = ConnectionsView.swift; sourceTree = "<group>"; };
		361B662C2B07EE7700EE36EC /* MainScreenView.swift */ = {isa = PBXFileReference; lastKnownFileType = sourcecode.swift; path = MainScreenView.swift; sourceTree = "<group>"; };
		3656B03D2B1C57E300D777B5 /* EventDetailViewController.swift */ = {isa = PBXFileReference; fileEncoding = 4; lastKnownFileType = sourcecode.swift; path = EventDetailViewController.swift; sourceTree = "<group>"; };
		3656B03E2B1C57E300D777B5 /* EventDetailView.swift */ = {isa = PBXFileReference; fileEncoding = 4; lastKnownFileType = sourcecode.swift; path = EventDetailView.swift; sourceTree = "<group>"; };
		3656B03F2B1C57E300D777B5 /* EventInfoViewController.swift */ = {isa = PBXFileReference; fileEncoding = 4; lastKnownFileType = sourcecode.swift; path = EventInfoViewController.swift; sourceTree = "<group>"; };
		3656B0412B1C57E300D777B5 /* ReviewsTableViewCell.swift */ = {isa = PBXFileReference; fileEncoding = 4; lastKnownFileType = sourcecode.swift; path = ReviewsTableViewCell.swift; sourceTree = "<group>"; };
		3656B0422B1C57E300D777B5 /* EventReviewsViewController.swift */ = {isa = PBXFileReference; fileEncoding = 4; lastKnownFileType = sourcecode.swift; path = EventReviewsViewController.swift; sourceTree = "<group>"; };
		3656B0432B1C57E300D777B5 /* EventReviewsView.swift */ = {isa = PBXFileReference; fileEncoding = 4; lastKnownFileType = sourcecode.swift; path = EventReviewsView.swift; sourceTree = "<group>"; };
		3656B0452B1C57E300D777B5 /* EventWriteAReviewViewController.swift */ = {isa = PBXFileReference; fileEncoding = 4; lastKnownFileType = sourcecode.swift; path = EventWriteAReviewViewController.swift; sourceTree = "<group>"; };
		3656B0462B1C57E300D777B5 /* EventWriteAReviewView.swift */ = {isa = PBXFileReference; fileEncoding = 4; lastKnownFileType = sourcecode.swift; path = EventWriteAReviewView.swift; sourceTree = "<group>"; };
		3656B04F2B1C59CA00D777B5 /* EventDisplayViewController.swift */ = {isa = PBXFileReference; lastKnownFileType = sourcecode.swift; path = EventDisplayViewController.swift; sourceTree = "<group>"; };
		3656B0512B1C59FA00D777B5 /* EventDisplayView.swift */ = {isa = PBXFileReference; lastKnownFileType = sourcecode.swift; path = EventDisplayView.swift; sourceTree = "<group>"; };
		36AFF19D2B20380A00C6DE33 /* UploadEventScreen.swift */ = {isa = PBXFileReference; fileEncoding = 4; lastKnownFileType = sourcecode.swift; path = UploadEventScreen.swift; sourceTree = "<group>"; };
		36AFF19E2B20380A00C6DE33 /* UploadEventScreenController.swift */ = {isa = PBXFileReference; fileEncoding = 4; lastKnownFileType = sourcecode.swift; path = UploadEventScreenController.swift; sourceTree = "<group>"; };
		36AFF1A22B203A4700C6DE33 /* LoginView.swift */ = {isa = PBXFileReference; fileEncoding = 4; lastKnownFileType = sourcecode.swift; path = LoginView.swift; sourceTree = "<group>"; };
		36AFF1A32B203A4700C6DE33 /* LoginViewController.swift */ = {isa = PBXFileReference; fileEncoding = 4; lastKnownFileType = sourcecode.swift; path = LoginViewController.swift; sourceTree = "<group>"; };
		36AFF1A72B203A5500C6DE33 /* RegisterView.swift */ = {isa = PBXFileReference; fileEncoding = 4; lastKnownFileType = sourcecode.swift; path = RegisterView.swift; sourceTree = "<group>"; };
		36AFF1A82B203A5500C6DE33 /* RegisterViewController.swift */ = {isa = PBXFileReference; fileEncoding = 4; lastKnownFileType = sourcecode.swift; path = RegisterViewController.swift; sourceTree = "<group>"; };
		36AFF1AC2B20403C00C6DE33 /* ProgressSpinnerViewController.swift */ = {isa = PBXFileReference; fileEncoding = 4; lastKnownFileType = sourcecode.swift; path = ProgressSpinnerViewController.swift; sourceTree = "<group>"; };
		36AFF1AD2B20403C00C6DE33 /* ProgressSpinnerDelegate.swift */ = {isa = PBXFileReference; fileEncoding = 4; lastKnownFileType = sourcecode.swift; path = ProgressSpinnerDelegate.swift; sourceTree = "<group>"; };
		36AFF1B22B2048A800C6DE33 /* TableViewPostCell.swift */ = {isa = PBXFileReference; fileEncoding = 4; lastKnownFileType = sourcecode.swift; path = TableViewPostCell.swift; sourceTree = "<group>"; };
		36F0F5E82B1B340100AD8EF5 /* NotificationNames.swift */ = {isa = PBXFileReference; fileEncoding = 4; lastKnownFileType = sourcecode.swift; path = NotificationNames.swift; sourceTree = "<group>"; };
		36F0F5E92B1B340100AD8EF5 /* DataModels.swift */ = {isa = PBXFileReference; fileEncoding = 4; lastKnownFileType = sourcecode.swift; path = DataModels.swift; sourceTree = "<group>"; };
		A50926E92B1AC7EF003036E9 /* GoogleService-Info.plist */ = {isa = PBXFileReference; fileEncoding = 4; lastKnownFileType = text.plist.xml; path = "GoogleService-Info.plist"; sourceTree = "<group>"; };
		A50926EB2B1AC877003036E9 /* EventTableViewCell.swift */ = {isa = PBXFileReference; lastKnownFileType = sourcecode.swift; path = EventTableViewCell.swift; sourceTree = "<group>"; };
		A50926ED2B1AC89F003036E9 /* LongTermEventsView.swift */ = {isa = PBXFileReference; lastKnownFileType = sourcecode.swift; path = LongTermEventsView.swift; sourceTree = "<group>"; };
		A50926EF2B1AC8B4003036E9 /* LongTermEventsViewController.swift */ = {isa = PBXFileReference; lastKnownFileType = sourcecode.swift; path = LongTermEventsViewController.swift; sourceTree = "<group>"; };
/* End PBXFileReference section */

/* Begin PBXFrameworksBuildPhase section */
		361B660A2B07514900EE36EC /* Frameworks */ = {
			isa = PBXFrameworksBuildPhase;
			buildActionMask = 2147483647;
			files = (
				A50926DE2B1AC6F3003036E9 /* FirebaseDatabase in Frameworks */,
				A50926E42B1AC6F3003036E9 /* FirebaseFirestore in Frameworks */,
				A50926D02B1AC6F3003036E9 /* FirebaseAnalyticsSwift in Frameworks */,
				A50926CC2B1AC6F3003036E9 /* FirebaseAnalytics in Frameworks */,
				A50926CE2B1AC6F3003036E9 /* FirebaseAnalyticsOnDeviceConversion in Frameworks */,
				3690212B2B21BE5300C1CFCA /* FirebaseStorage in Frameworks */,
				A50926E82B1AC6F3003036E9 /* FirebaseFirestoreSwift in Frameworks */,
				A50926D42B1AC6F3003036E9 /* FirebaseAppCheck in Frameworks */,
				A50926D22B1AC6F3003036E9 /* FirebaseAnalyticsWithoutAdIdSupport in Frameworks */,
				A50926D82B1AC6F3003036E9 /* FirebaseAuth in Frameworks */,
				A50926DC2B1AC6F3003036E9 /* FirebaseCrashlytics in Frameworks */,
				A50926E02B1AC6F3003036E9 /* FirebaseDatabaseSwift in Frameworks */,
				A50926D62B1AC6F3003036E9 /* FirebaseAppDistribution-Beta in Frameworks */,
				A50926DA2B1AC6F3003036E9 /* FirebaseAuthCombine-Community in Frameworks */,
				A50926E22B1AC6F3003036E9 /* FirebaseDynamicLinks in Frameworks */,
				A50926E62B1AC6F3003036E9 /* FirebaseFirestoreCombine-Community in Frameworks */,
			);
			runOnlyForDeploymentPostprocessing = 0;
		};
/* End PBXFrameworksBuildPhase section */

/* Begin PBXGroup section */
		361B66042B07514900EE36EC = {
			isa = PBXGroup;
			children = (
				361B660F2B07514900EE36EC /* Eventure */,
				361B660E2B07514900EE36EC /* Products */,
				A50926FA2B1AD400003036E9 /* Frameworks */,
			);
			sourceTree = "<group>";
		};
		361B660E2B07514900EE36EC /* Products */ = {
			isa = PBXGroup;
			children = (
				361B660D2B07514900EE36EC /* Eventure.app */,
			);
			name = Products;
			sourceTree = "<group>";
		};
		361B660F2B07514900EE36EC /* Eventure */ = {
			isa = PBXGroup;
			children = (
				361B66102B07514900EE36EC /* AppDelegate.swift */,
				361B66122B07514900EE36EC /* SceneDelegate.swift */,
				361B662E2B07EE7E00EE36EC /* Main Screen */,
				36AFF1A12B203A4700C6DE33 /* Login Page */,
				36AFF1A62B203A5500C6DE33 /* Register Page */,
				361B66352B07F2F600EE36EC /* Explore Screen */,
				361B662F2B07EEA600EE36EC /* Connections Screen */,
				361B66302B07EED200EE36EC /* My Profile Screen */,
				36AFF1AB2B20403C00C6DE33 /* Progress Indicator */,
				A50926F92B1AC993003036E9 /* Data Structure */,
				361B66162B07514900EE36EC /* Main.storyboard */,
				A50926E92B1AC7EF003036E9 /* GoogleService-Info.plist */,
				361B66192B07514B00EE36EC /* Assets.xcassets */,
				361B661B2B07514B00EE36EC /* LaunchScreen.storyboard */,
				361B661E2B07514B00EE36EC /* Info.plist */,
			);
			path = Eventure;
			sourceTree = "<group>";
		};
		361B662E2B07EE7E00EE36EC /* Main Screen */ = {
			isa = PBXGroup;
			children = (
				361B66142B07514900EE36EC /* ViewController.swift */,
				361B662C2B07EE7700EE36EC /* MainScreenView.swift */,
			);
			path = "Main Screen";
			sourceTree = "<group>";
		};
		361B662F2B07EEA600EE36EC /* Connections Screen */ = {
			isa = PBXGroup;
			children = (
				361B66242B07EDDF00EE36EC /* ConnectionsViewController.swift */,
				361B662A2B07EE4500EE36EC /* ConnectionsView.swift */,
			);
			path = "Connections Screen";
			sourceTree = "<group>";
		};
		361B66302B07EED200EE36EC /* My Profile Screen */ = {
			isa = PBXGroup;
			children = (
				361B66262B07EDF500EE36EC /* MyProfileViewController.swift */,
				36AFF1B22B2048A800C6DE33 /* TableViewPostCell.swift */,
				361B66282B07EE2E00EE36EC /* MyProfileView.swift */,
			);
			path = "My Profile Screen";
			sourceTree = "<group>";
		};
		361B66352B07F2F600EE36EC /* Explore Screen */ = {
			isa = PBXGroup;
			children = (
				A50926EB2B1AC877003036E9 /* EventTableViewCell.swift */,
				A50926ED2B1AC89F003036E9 /* LongTermEventsView.swift */,
				A50926EF2B1AC8B4003036E9 /* LongTermEventsViewController.swift */,
				3656B03B2B1C57E300D777B5 /* Event Info Screens */,
				36AFF19C2B20380A00C6DE33 /* Upload Event */,
			);
			path = "Explore Screen";
			sourceTree = "<group>";
		};
		3656B03B2B1C57E300D777B5 /* Event Info Screens */ = {
			isa = PBXGroup;
			children = (
				3656B04F2B1C59CA00D777B5 /* EventDisplayViewController.swift */,
				3656B0512B1C59FA00D777B5 /* EventDisplayView.swift */,
				3656B03F2B1C57E300D777B5 /* EventInfoViewController.swift */,
				3656B0402B1C57E300D777B5 /* Event Reviews Screen */,
				3656B03C2B1C57E300D777B5 /* Event Detail Screen */,
			);
			path = "Event Info Screens";
			sourceTree = "<group>";
		};
		3656B03C2B1C57E300D777B5 /* Event Detail Screen */ = {
			isa = PBXGroup;
			children = (
				3656B03D2B1C57E300D777B5 /* EventDetailViewController.swift */,
				3656B03E2B1C57E300D777B5 /* EventDetailView.swift */,
			);
			path = "Event Detail Screen";
			sourceTree = "<group>";
		};
		3656B0402B1C57E300D777B5 /* Event Reviews Screen */ = {
			isa = PBXGroup;
			children = (
				3656B0412B1C57E300D777B5 /* ReviewsTableViewCell.swift */,
				3656B0422B1C57E300D777B5 /* EventReviewsViewController.swift */,
				3656B0432B1C57E300D777B5 /* EventReviewsView.swift */,
				3656B0442B1C57E300D777B5 /* Write Review Screen */,
			);
			path = "Event Reviews Screen";
			sourceTree = "<group>";
		};
		3656B0442B1C57E300D777B5 /* Write Review Screen */ = {
			isa = PBXGroup;
			children = (
				3656B0452B1C57E300D777B5 /* EventWriteAReviewViewController.swift */,
				3656B0462B1C57E300D777B5 /* EventWriteAReviewView.swift */,
			);
			path = "Write Review Screen";
			sourceTree = "<group>";
		};
		36AFF19C2B20380A00C6DE33 /* Upload Event */ = {
			isa = PBXGroup;
			children = (
				36AFF19D2B20380A00C6DE33 /* UploadEventScreen.swift */,
				36AFF19E2B20380A00C6DE33 /* UploadEventScreenController.swift */,
			);
			path = "Upload Event";
			sourceTree = "<group>";
		};
		36AFF1A12B203A4700C6DE33 /* Login Page */ = {
			isa = PBXGroup;
			children = (
				36AFF1A22B203A4700C6DE33 /* LoginView.swift */,
				36AFF1A32B203A4700C6DE33 /* LoginViewController.swift */,
			);
			path = "Login Page";
			sourceTree = "<group>";
		};
		36AFF1A62B203A5500C6DE33 /* Register Page */ = {
			isa = PBXGroup;
			children = (
				36AFF1A72B203A5500C6DE33 /* RegisterView.swift */,
				36AFF1A82B203A5500C6DE33 /* RegisterViewController.swift */,
			);
			path = "Register Page";
			sourceTree = "<group>";
		};
		36AFF1AB2B20403C00C6DE33 /* Progress Indicator */ = {
			isa = PBXGroup;
			children = (
				36AFF1AC2B20403C00C6DE33 /* ProgressSpinnerViewController.swift */,
				36AFF1AD2B20403C00C6DE33 /* ProgressSpinnerDelegate.swift */,
			);
			path = "Progress Indicator";
			sourceTree = "<group>";
		};
		A50926F92B1AC993003036E9 /* Data Structure */ = {
			isa = PBXGroup;
			children = (
				36F0F5E92B1B340100AD8EF5 /* DataModels.swift */,
				36F0F5E82B1B340100AD8EF5 /* NotificationNames.swift */,
			);
			path = "Data Structure";
			sourceTree = "<group>";
		};
		A50926FA2B1AD400003036E9 /* Frameworks */ = {
			isa = PBXGroup;
			children = (
			);
			name = Frameworks;
			sourceTree = "<group>";
		};
/* End PBXGroup section */

/* Begin PBXNativeTarget section */
		361B660C2B07514900EE36EC /* Eventure */ = {
			isa = PBXNativeTarget;
			buildConfigurationList = 361B66212B07514B00EE36EC /* Build configuration list for PBXNativeTarget "Eventure" */;
			buildPhases = (
				361B66092B07514900EE36EC /* Sources */,
				361B660A2B07514900EE36EC /* Frameworks */,
				361B660B2B07514900EE36EC /* Resources */,
			);
			buildRules = (
			);
			dependencies = (
			);
			name = Eventure;
			packageProductDependencies = (
				A50926CB2B1AC6F3003036E9 /* FirebaseAnalytics */,
				A50926CD2B1AC6F3003036E9 /* FirebaseAnalyticsOnDeviceConversion */,
				A50926CF2B1AC6F3003036E9 /* FirebaseAnalyticsSwift */,
				A50926D12B1AC6F3003036E9 /* FirebaseAnalyticsWithoutAdIdSupport */,
				A50926D32B1AC6F3003036E9 /* FirebaseAppCheck */,
				A50926D52B1AC6F3003036E9 /* FirebaseAppDistribution-Beta */,
				A50926D72B1AC6F3003036E9 /* FirebaseAuth */,
				A50926D92B1AC6F3003036E9 /* FirebaseAuthCombine-Community */,
				A50926DB2B1AC6F3003036E9 /* FirebaseCrashlytics */,
				A50926DD2B1AC6F3003036E9 /* FirebaseDatabase */,
				A50926DF2B1AC6F3003036E9 /* FirebaseDatabaseSwift */,
				A50926E12B1AC6F3003036E9 /* FirebaseDynamicLinks */,
				A50926E32B1AC6F3003036E9 /* FirebaseFirestore */,
				A50926E52B1AC6F3003036E9 /* FirebaseFirestoreCombine-Community */,
				A50926E72B1AC6F3003036E9 /* FirebaseFirestoreSwift */,
				3690212A2B21BE5300C1CFCA /* FirebaseStorage */,
			);
			productName = Eventure;
			productReference = 361B660D2B07514900EE36EC /* Eventure.app */;
			productType = "com.apple.product-type.application";
		};
/* End PBXNativeTarget section */

/* Begin PBXProject section */
		361B66052B07514900EE36EC /* Project object */ = {
			isa = PBXProject;
			attributes = {
				BuildIndependentTargetsInParallel = 1;
				LastSwiftUpdateCheck = 1500;
				LastUpgradeCheck = 1500;
				TargetAttributes = {
					361B660C2B07514900EE36EC = {
						CreatedOnToolsVersion = 15.0.1;
					};
				};
			};
			buildConfigurationList = 361B66082B07514900EE36EC /* Build configuration list for PBXProject "Eventure" */;
			compatibilityVersion = "Xcode 14.0";
			developmentRegion = en;
			hasScannedForEncodings = 0;
			knownRegions = (
				en,
				Base,
			);
			mainGroup = 361B66042B07514900EE36EC;
			packageReferences = (
				A50926CA2B1AC6F3003036E9 /* XCRemoteSwiftPackageReference "firebase-ios-sdk" */,
			);
			productRefGroup = 361B660E2B07514900EE36EC /* Products */;
			projectDirPath = "";
			projectRoot = "";
			targets = (
				361B660C2B07514900EE36EC /* Eventure */,
			);
		};
/* End PBXProject section */

/* Begin PBXResourcesBuildPhase section */
		361B660B2B07514900EE36EC /* Resources */ = {
			isa = PBXResourcesBuildPhase;
			buildActionMask = 2147483647;
			files = (
				361B661D2B07514B00EE36EC /* LaunchScreen.storyboard in Resources */,
				A50926EA2B1AC7EF003036E9 /* GoogleService-Info.plist in Resources */,
				361B661A2B07514B00EE36EC /* Assets.xcassets in Resources */,
				361B66182B07514900EE36EC /* Main.storyboard in Resources */,
			);
			runOnlyForDeploymentPostprocessing = 0;
		};
/* End PBXResourcesBuildPhase section */

/* Begin PBXSourcesBuildPhase section */
		361B66092B07514900EE36EC /* Sources */ = {
			isa = PBXSourcesBuildPhase;
			buildActionMask = 2147483647;
			files = (
				36AFF1A52B203A4700C6DE33 /* LoginViewController.swift in Sources */,
				361B66272B07EDF500EE36EC /* MyProfileViewController.swift in Sources */,
				3656B04E2B1C57E300D777B5 /* EventWriteAReviewView.swift in Sources */,
				A50926EC2B1AC877003036E9 /* EventTableViewCell.swift in Sources */,
				3656B04A2B1C57E300D777B5 /* ReviewsTableViewCell.swift in Sources */,
				361B66252B07EDDF00EE36EC /* ConnectionsViewController.swift in Sources */,
				36F0F5EA2B1B340100AD8EF5 /* NotificationNames.swift in Sources */,
				3656B0492B1C57E300D777B5 /* EventInfoViewController.swift in Sources */,
				361B66152B07514900EE36EC /* ViewController.swift in Sources */,
				36F0F5EB2B1B340100AD8EF5 /* DataModels.swift in Sources */,
				3656B0522B1C59FA00D777B5 /* EventDisplayView.swift in Sources */,
				36AFF1A42B203A4700C6DE33 /* LoginView.swift in Sources */,
				361B66112B07514900EE36EC /* AppDelegate.swift in Sources */,
				3656B0502B1C59CA00D777B5 /* EventDisplayViewController.swift in Sources */,
				36AFF1AF2B20403C00C6DE33 /* ProgressSpinnerDelegate.swift in Sources */,
				361B66292B07EE2E00EE36EC /* MyProfileView.swift in Sources */,
				3656B04B2B1C57E300D777B5 /* EventReviewsViewController.swift in Sources */,
				361B662B2B07EE4500EE36EC /* ConnectionsView.swift in Sources */,
				36AFF1A92B203A5500C6DE33 /* RegisterView.swift in Sources */,
				3656B0482B1C57E300D777B5 /* EventDetailView.swift in Sources */,
				3656B04D2B1C57E300D777B5 /* EventWriteAReviewViewController.swift in Sources */,
				36AFF19F2B20380A00C6DE33 /* UploadEventScreen.swift in Sources */,
				361B662D2B07EE7700EE36EC /* MainScreenView.swift in Sources */,
				3656B04C2B1C57E300D777B5 /* EventReviewsView.swift in Sources */,
				36AFF1AE2B20403C00C6DE33 /* ProgressSpinnerViewController.swift in Sources */,
				3656B0472B1C57E300D777B5 /* EventDetailViewController.swift in Sources */,
				361B66132B07514900EE36EC /* SceneDelegate.swift in Sources */,
				36AFF1B32B2048A800C6DE33 /* TableViewPostCell.swift in Sources */,
				36AFF1A02B20380A00C6DE33 /* UploadEventScreenController.swift in Sources */,
				A50926EE2B1AC89F003036E9 /* LongTermEventsView.swift in Sources */,
				A50926F02B1AC8B4003036E9 /* LongTermEventsViewController.swift in Sources */,
				36AFF1AA2B203A5500C6DE33 /* RegisterViewController.swift in Sources */,
			);
			runOnlyForDeploymentPostprocessing = 0;
		};
/* End PBXSourcesBuildPhase section */

/* Begin PBXVariantGroup section */
		361B66162B07514900EE36EC /* Main.storyboard */ = {
			isa = PBXVariantGroup;
			children = (
				361B66172B07514900EE36EC /* Base */,
			);
			name = Main.storyboard;
			sourceTree = "<group>";
		};
		361B661B2B07514B00EE36EC /* LaunchScreen.storyboard */ = {
			isa = PBXVariantGroup;
			children = (
				361B661C2B07514B00EE36EC /* Base */,
			);
			name = LaunchScreen.storyboard;
			sourceTree = "<group>";
		};
/* End PBXVariantGroup section */

/* Begin XCBuildConfiguration section */
		361B661F2B07514B00EE36EC /* Debug */ = {
			isa = XCBuildConfiguration;
			buildSettings = {
				ALWAYS_SEARCH_USER_PATHS = NO;
				ASSETCATALOG_COMPILER_GENERATE_SWIFT_ASSET_SYMBOL_EXTENSIONS = YES;
				CLANG_ANALYZER_NONNULL = YES;
				CLANG_ANALYZER_NUMBER_OBJECT_CONVERSION = YES_AGGRESSIVE;
				CLANG_CXX_LANGUAGE_STANDARD = "gnu++20";
				CLANG_ENABLE_MODULES = YES;
				CLANG_ENABLE_OBJC_ARC = YES;
				CLANG_ENABLE_OBJC_WEAK = YES;
				CLANG_WARN_BLOCK_CAPTURE_AUTORELEASING = YES;
				CLANG_WARN_BOOL_CONVERSION = YES;
				CLANG_WARN_COMMA = YES;
				CLANG_WARN_CONSTANT_CONVERSION = YES;
				CLANG_WARN_DEPRECATED_OBJC_IMPLEMENTATIONS = YES;
				CLANG_WARN_DIRECT_OBJC_ISA_USAGE = YES_ERROR;
				CLANG_WARN_DOCUMENTATION_COMMENTS = YES;
				CLANG_WARN_EMPTY_BODY = YES;
				CLANG_WARN_ENUM_CONVERSION = YES;
				CLANG_WARN_INFINITE_RECURSION = YES;
				CLANG_WARN_INT_CONVERSION = YES;
				CLANG_WARN_NON_LITERAL_NULL_CONVERSION = YES;
				CLANG_WARN_OBJC_IMPLICIT_RETAIN_SELF = YES;
				CLANG_WARN_OBJC_LITERAL_CONVERSION = YES;
				CLANG_WARN_OBJC_ROOT_CLASS = YES_ERROR;
				CLANG_WARN_QUOTED_INCLUDE_IN_FRAMEWORK_HEADER = YES;
				CLANG_WARN_RANGE_LOOP_ANALYSIS = YES;
				CLANG_WARN_STRICT_PROTOTYPES = YES;
				CLANG_WARN_SUSPICIOUS_MOVE = YES;
				CLANG_WARN_UNGUARDED_AVAILABILITY = YES_AGGRESSIVE;
				CLANG_WARN_UNREACHABLE_CODE = YES;
				CLANG_WARN__DUPLICATE_METHOD_MATCH = YES;
				COPY_PHASE_STRIP = NO;
				DEBUG_INFORMATION_FORMAT = dwarf;
				ENABLE_STRICT_OBJC_MSGSEND = YES;
				ENABLE_TESTABILITY = YES;
				ENABLE_USER_SCRIPT_SANDBOXING = YES;
				GCC_C_LANGUAGE_STANDARD = gnu17;
				GCC_DYNAMIC_NO_PIC = NO;
				GCC_NO_COMMON_BLOCKS = YES;
				GCC_OPTIMIZATION_LEVEL = 0;
				GCC_PREPROCESSOR_DEFINITIONS = (
					"DEBUG=1",
					"$(inherited)",
				);
				GCC_WARN_64_TO_32_BIT_CONVERSION = YES;
				GCC_WARN_ABOUT_RETURN_TYPE = YES_ERROR;
				GCC_WARN_UNDECLARED_SELECTOR = YES;
				GCC_WARN_UNINITIALIZED_AUTOS = YES_AGGRESSIVE;
				GCC_WARN_UNUSED_FUNCTION = YES;
				GCC_WARN_UNUSED_VARIABLE = YES;
				IPHONEOS_DEPLOYMENT_TARGET = 17.0;
				LOCALIZATION_PREFERS_STRING_CATALOGS = YES;
				MTL_ENABLE_DEBUG_INFO = INCLUDE_SOURCE;
				MTL_FAST_MATH = YES;
				ONLY_ACTIVE_ARCH = YES;
				SDKROOT = iphoneos;
				SWIFT_ACTIVE_COMPILATION_CONDITIONS = "DEBUG $(inherited)";
				SWIFT_OPTIMIZATION_LEVEL = "-Onone";
			};
			name = Debug;
		};
		361B66202B07514B00EE36EC /* Release */ = {
			isa = XCBuildConfiguration;
			buildSettings = {
				ALWAYS_SEARCH_USER_PATHS = NO;
				ASSETCATALOG_COMPILER_GENERATE_SWIFT_ASSET_SYMBOL_EXTENSIONS = YES;
				CLANG_ANALYZER_NONNULL = YES;
				CLANG_ANALYZER_NUMBER_OBJECT_CONVERSION = YES_AGGRESSIVE;
				CLANG_CXX_LANGUAGE_STANDARD = "gnu++20";
				CLANG_ENABLE_MODULES = YES;
				CLANG_ENABLE_OBJC_ARC = YES;
				CLANG_ENABLE_OBJC_WEAK = YES;
				CLANG_WARN_BLOCK_CAPTURE_AUTORELEASING = YES;
				CLANG_WARN_BOOL_CONVERSION = YES;
				CLANG_WARN_COMMA = YES;
				CLANG_WARN_CONSTANT_CONVERSION = YES;
				CLANG_WARN_DEPRECATED_OBJC_IMPLEMENTATIONS = YES;
				CLANG_WARN_DIRECT_OBJC_ISA_USAGE = YES_ERROR;
				CLANG_WARN_DOCUMENTATION_COMMENTS = YES;
				CLANG_WARN_EMPTY_BODY = YES;
				CLANG_WARN_ENUM_CONVERSION = YES;
				CLANG_WARN_INFINITE_RECURSION = YES;
				CLANG_WARN_INT_CONVERSION = YES;
				CLANG_WARN_NON_LITERAL_NULL_CONVERSION = YES;
				CLANG_WARN_OBJC_IMPLICIT_RETAIN_SELF = YES;
				CLANG_WARN_OBJC_LITERAL_CONVERSION = YES;
				CLANG_WARN_OBJC_ROOT_CLASS = YES_ERROR;
				CLANG_WARN_QUOTED_INCLUDE_IN_FRAMEWORK_HEADER = YES;
				CLANG_WARN_RANGE_LOOP_ANALYSIS = YES;
				CLANG_WARN_STRICT_PROTOTYPES = YES;
				CLANG_WARN_SUSPICIOUS_MOVE = YES;
				CLANG_WARN_UNGUARDED_AVAILABILITY = YES_AGGRESSIVE;
				CLANG_WARN_UNREACHABLE_CODE = YES;
				CLANG_WARN__DUPLICATE_METHOD_MATCH = YES;
				COPY_PHASE_STRIP = NO;
				DEBUG_INFORMATION_FORMAT = "dwarf-with-dsym";
				ENABLE_NS_ASSERTIONS = NO;
				ENABLE_STRICT_OBJC_MSGSEND = YES;
				ENABLE_USER_SCRIPT_SANDBOXING = YES;
				GCC_C_LANGUAGE_STANDARD = gnu17;
				GCC_NO_COMMON_BLOCKS = YES;
				GCC_WARN_64_TO_32_BIT_CONVERSION = YES;
				GCC_WARN_ABOUT_RETURN_TYPE = YES_ERROR;
				GCC_WARN_UNDECLARED_SELECTOR = YES;
				GCC_WARN_UNINITIALIZED_AUTOS = YES_AGGRESSIVE;
				GCC_WARN_UNUSED_FUNCTION = YES;
				GCC_WARN_UNUSED_VARIABLE = YES;
				IPHONEOS_DEPLOYMENT_TARGET = 17.0;
				LOCALIZATION_PREFERS_STRING_CATALOGS = YES;
				MTL_ENABLE_DEBUG_INFO = NO;
				MTL_FAST_MATH = YES;
				SDKROOT = iphoneos;
				SWIFT_COMPILATION_MODE = wholemodule;
				VALIDATE_PRODUCT = YES;
			};
			name = Release;
		};
		361B66222B07514B00EE36EC /* Debug */ = {
			isa = XCBuildConfiguration;
			buildSettings = {
				ASSETCATALOG_COMPILER_APPICON_NAME = AppIcon;
				ASSETCATALOG_COMPILER_GLOBAL_ACCENT_COLOR_NAME = AccentColor;
				CODE_SIGN_STYLE = Automatic;
				CURRENT_PROJECT_VERSION = 1;
				DEVELOPMENT_TEAM = 3G9NR5592L;
				GENERATE_INFOPLIST_FILE = YES;
				INFOPLIST_FILE = Eventure/Info.plist;
				INFOPLIST_KEY_UIApplicationSupportsIndirectInputEvents = YES;
				INFOPLIST_KEY_UILaunchStoryboardName = LaunchScreen;
				INFOPLIST_KEY_UIMainStoryboardFile = Main;
				INFOPLIST_KEY_UISupportedInterfaceOrientations_iPad = "UIInterfaceOrientationPortrait UIInterfaceOrientationPortraitUpsideDown UIInterfaceOrientationLandscapeLeft UIInterfaceOrientationLandscapeRight";
				INFOPLIST_KEY_UISupportedInterfaceOrientations_iPhone = "UIInterfaceOrientationPortrait UIInterfaceOrientationLandscapeLeft UIInterfaceOrientationLandscapeRight";
				LD_RUNPATH_SEARCH_PATHS = (
					"$(inherited)",
					"@executable_path/Frameworks",
				);
				MARKETING_VERSION = 1.0;
				PRODUCT_BUNDLE_IDENTIFIER = com.nuios.Eventure;
				PRODUCT_NAME = "$(TARGET_NAME)";
				SWIFT_EMIT_LOC_STRINGS = YES;
				SWIFT_VERSION = 5.0;
				TARGETED_DEVICE_FAMILY = "1,2";
			};
			name = Debug;
		};
		361B66232B07514B00EE36EC /* Release */ = {
			isa = XCBuildConfiguration;
			buildSettings = {
				ASSETCATALOG_COMPILER_APPICON_NAME = AppIcon;
				ASSETCATALOG_COMPILER_GLOBAL_ACCENT_COLOR_NAME = AccentColor;
				CODE_SIGN_STYLE = Automatic;
				CURRENT_PROJECT_VERSION = 1;
				DEVELOPMENT_TEAM = 3G9NR5592L;
				GENERATE_INFOPLIST_FILE = YES;
				INFOPLIST_FILE = Eventure/Info.plist;
				INFOPLIST_KEY_UIApplicationSupportsIndirectInputEvents = YES;
				INFOPLIST_KEY_UILaunchStoryboardName = LaunchScreen;
				INFOPLIST_KEY_UIMainStoryboardFile = Main;
				INFOPLIST_KEY_UISupportedInterfaceOrientations_iPad = "UIInterfaceOrientationPortrait UIInterfaceOrientationPortraitUpsideDown UIInterfaceOrientationLandscapeLeft UIInterfaceOrientationLandscapeRight";
				INFOPLIST_KEY_UISupportedInterfaceOrientations_iPhone = "UIInterfaceOrientationPortrait UIInterfaceOrientationLandscapeLeft UIInterfaceOrientationLandscapeRight";
				LD_RUNPATH_SEARCH_PATHS = (
					"$(inherited)",
					"@executable_path/Frameworks",
				);
				MARKETING_VERSION = 1.0;
				PRODUCT_BUNDLE_IDENTIFIER = com.nuios.Eventure;
				PRODUCT_NAME = "$(TARGET_NAME)";
				SWIFT_EMIT_LOC_STRINGS = YES;
				SWIFT_VERSION = 5.0;
				TARGETED_DEVICE_FAMILY = "1,2";
			};
			name = Release;
		};
/* End XCBuildConfiguration section */

/* Begin XCConfigurationList section */
		361B66082B07514900EE36EC /* Build configuration list for PBXProject "Eventure" */ = {
			isa = XCConfigurationList;
			buildConfigurations = (
				361B661F2B07514B00EE36EC /* Debug */,
				361B66202B07514B00EE36EC /* Release */,
			);
			defaultConfigurationIsVisible = 0;
			defaultConfigurationName = Release;
		};
		361B66212B07514B00EE36EC /* Build configuration list for PBXNativeTarget "Eventure" */ = {
			isa = XCConfigurationList;
			buildConfigurations = (
				361B66222B07514B00EE36EC /* Debug */,
				361B66232B07514B00EE36EC /* Release */,
			);
			defaultConfigurationIsVisible = 0;
			defaultConfigurationName = Release;
		};
/* End XCConfigurationList section */

/* Begin XCRemoteSwiftPackageReference section */
		A50926CA2B1AC6F3003036E9 /* XCRemoteSwiftPackageReference "firebase-ios-sdk" */ = {
			isa = XCRemoteSwiftPackageReference;
			repositoryURL = "https://github.com/firebase/firebase-ios-sdk.git";
			requirement = {
				kind = upToNextMajorVersion;
				minimumVersion = 10.18.0;
			};
		};
/* End XCRemoteSwiftPackageReference section */

/* Begin XCSwiftPackageProductDependency section */
		3690212A2B21BE5300C1CFCA /* FirebaseStorage */ = {
			isa = XCSwiftPackageProductDependency;
			package = A50926CA2B1AC6F3003036E9 /* XCRemoteSwiftPackageReference "firebase-ios-sdk" */;
			productName = FirebaseStorage;
		};
		A50926CB2B1AC6F3003036E9 /* FirebaseAnalytics */ = {
			isa = XCSwiftPackageProductDependency;
			package = A50926CA2B1AC6F3003036E9 /* XCRemoteSwiftPackageReference "firebase-ios-sdk" */;
			productName = FirebaseAnalytics;
		};
		A50926CD2B1AC6F3003036E9 /* FirebaseAnalyticsOnDeviceConversion */ = {
			isa = XCSwiftPackageProductDependency;
			package = A50926CA2B1AC6F3003036E9 /* XCRemoteSwiftPackageReference "firebase-ios-sdk" */;
			productName = FirebaseAnalyticsOnDeviceConversion;
		};
		A50926CF2B1AC6F3003036E9 /* FirebaseAnalyticsSwift */ = {
			isa = XCSwiftPackageProductDependency;
			package = A50926CA2B1AC6F3003036E9 /* XCRemoteSwiftPackageReference "firebase-ios-sdk" */;
			productName = FirebaseAnalyticsSwift;
		};
		A50926D12B1AC6F3003036E9 /* FirebaseAnalyticsWithoutAdIdSupport */ = {
			isa = XCSwiftPackageProductDependency;
			package = A50926CA2B1AC6F3003036E9 /* XCRemoteSwiftPackageReference "firebase-ios-sdk" */;
			productName = FirebaseAnalyticsWithoutAdIdSupport;
		};
		A50926D32B1AC6F3003036E9 /* FirebaseAppCheck */ = {
			isa = XCSwiftPackageProductDependency;
			package = A50926CA2B1AC6F3003036E9 /* XCRemoteSwiftPackageReference "firebase-ios-sdk" */;
			productName = FirebaseAppCheck;
		};
		A50926D52B1AC6F3003036E9 /* FirebaseAppDistribution-Beta */ = {
			isa = XCSwiftPackageProductDependency;
			package = A50926CA2B1AC6F3003036E9 /* XCRemoteSwiftPackageReference "firebase-ios-sdk" */;
			productName = "FirebaseAppDistribution-Beta";
		};
		A50926D72B1AC6F3003036E9 /* FirebaseAuth */ = {
			isa = XCSwiftPackageProductDependency;
			package = A50926CA2B1AC6F3003036E9 /* XCRemoteSwiftPackageReference "firebase-ios-sdk" */;
			productName = FirebaseAuth;
		};
		A50926D92B1AC6F3003036E9 /* FirebaseAuthCombine-Community */ = {
			isa = XCSwiftPackageProductDependency;
			package = A50926CA2B1AC6F3003036E9 /* XCRemoteSwiftPackageReference "firebase-ios-sdk" */;
			productName = "FirebaseAuthCombine-Community";
		};
		A50926DB2B1AC6F3003036E9 /* FirebaseCrashlytics */ = {
			isa = XCSwiftPackageProductDependency;
			package = A50926CA2B1AC6F3003036E9 /* XCRemoteSwiftPackageReference "firebase-ios-sdk" */;
			productName = FirebaseCrashlytics;
		};
		A50926DD2B1AC6F3003036E9 /* FirebaseDatabase */ = {
			isa = XCSwiftPackageProductDependency;
			package = A50926CA2B1AC6F3003036E9 /* XCRemoteSwiftPackageReference "firebase-ios-sdk" */;
			productName = FirebaseDatabase;
		};
		A50926DF2B1AC6F3003036E9 /* FirebaseDatabaseSwift */ = {
			isa = XCSwiftPackageProductDependency;
			package = A50926CA2B1AC6F3003036E9 /* XCRemoteSwiftPackageReference "firebase-ios-sdk" */;
			productName = FirebaseDatabaseSwift;
		};
		A50926E12B1AC6F3003036E9 /* FirebaseDynamicLinks */ = {
			isa = XCSwiftPackageProductDependency;
			package = A50926CA2B1AC6F3003036E9 /* XCRemoteSwiftPackageReference "firebase-ios-sdk" */;
			productName = FirebaseDynamicLinks;
		};
		A50926E32B1AC6F3003036E9 /* FirebaseFirestore */ = {
			isa = XCSwiftPackageProductDependency;
			package = A50926CA2B1AC6F3003036E9 /* XCRemoteSwiftPackageReference "firebase-ios-sdk" */;
			productName = FirebaseFirestore;
		};
		A50926E52B1AC6F3003036E9 /* FirebaseFirestoreCombine-Community */ = {
			isa = XCSwiftPackageProductDependency;
			package = A50926CA2B1AC6F3003036E9 /* XCRemoteSwiftPackageReference "firebase-ios-sdk" */;
			productName = "FirebaseFirestoreCombine-Community";
		};
		A50926E72B1AC6F3003036E9 /* FirebaseFirestoreSwift */ = {
			isa = XCSwiftPackageProductDependency;
			package = A50926CA2B1AC6F3003036E9 /* XCRemoteSwiftPackageReference "firebase-ios-sdk" */;
			productName = FirebaseFirestoreSwift;
		};
/* End XCSwiftPackageProductDependency section */
	};
	rootObject = 361B66052B07514900EE36EC /* Project object */;
}
